
Microsoft Visual Studio Solution File, Format Version 12.00
# Visual Studio Version 17
VisualStudioVersion = 17.0.31903.59
MinimumVisualStudioVersion = 10.0.40219.1
Project("{2150E333-8FDC-42A3-9474-1A3956D46DE8}") = "src", "src", "{E951E5CA-2621-440D-AB78-DD6BE449128F}"
EndProject
Project("{2150E333-8FDC-42A3-9474-1A3956D46DE8}") = "common", "common", "{83E1A852-4301-4BE5-8E04-16AC81D93DBA}"
EndProject
Project("{FAE04EC0-301F-11D3-BF4B-00C04F79EFBC}") = "XClaim.Common", "src\common\shared\XClaim.Common.csproj", "{1F6A1B7E-7AD8-4DBF-AB43-68B05F10BB91}"
EndProject
Project("{FAE04EC0-301F-11D3-BF4B-00C04F79EFBC}") = "XClaim.Common.Http", "src\common\http\XClaim.Common.Http.csproj", "{D45E9EA0-1429-4067-A53E-21B807085089}"
EndProject
Project("{2150E333-8FDC-42A3-9474-1A3956D46DE8}") = "web", "web", "{17A5B8A1-71DE-4EEB-B38D-3105F4D272A5}"
EndProject
Project("{FAE04EC0-301F-11D3-BF4B-00C04F79EFBC}") = "XClaim.Web.Shared", "src\web\shared\XClaim.Web.Shared.csproj", "{3B780DA4-36C8-4A79-B1EC-B91F542996DF}"
EndProject
Project("{FAE04EC0-301F-11D3-BF4B-00C04F79EFBC}") = "XClaim.Web.Components", "src\web\components\XClaim.Web.Components.csproj", "{BF024320-1799-4080-8F93-4E00F1C1AAB3}"
EndProject
Project("{FAE04EC0-301F-11D3-BF4B-00C04F79EFBC}") = "XClaim.Web.Client", "src\web\client\XClaim.Web.Client.csproj", "{B68DC0CA-1F94-4093-96D7-3810EF75C50B}"
EndProject
Project("{FAE04EC0-301F-11D3-BF4B-00C04F79EFBC}") = "XClaim.Service", "src\service\XClaim.Service.csproj", "{F2A9BE66-65CF-4452-972E-1B06939E5C9F}"
EndProject
Project("{2150E333-8FDC-42A3-9474-1A3956D46DE8}") = "tests", "tests", "{6F416836-E8ED-4FE4-BF3A-0DE6CDD0BDC3}"
EndProject
Project("{FAE04EC0-301F-11D3-BF4B-00C04F79EFBC}") = "XClaim.Service.IntegrationTests", "tests\service\XClaim.Service.IntegrationTests.csproj", "{34D4E5A2-404D-4638-A331-C53C03593D00}"
EndProject
Global
	GlobalSection(SolutionConfigurationPlatforms) = preSolution
		Debug|Any CPU = Debug|Any CPU
		Release|Any CPU = Release|Any CPU
	EndGlobalSection
	GlobalSection(SolutionProperties) = preSolution
		HideSolutionNode = FALSE
	EndGlobalSection
	GlobalSection(ProjectConfigurationPlatforms) = postSolution
		{1F6A1B7E-7AD8-4DBF-AB43-68B05F10BB91}.Debug|Any CPU.ActiveCfg = Debug|Any CPU
		{1F6A1B7E-7AD8-4DBF-AB43-68B05F10BB91}.Debug|Any CPU.Build.0 = Debug|Any CPU
		{1F6A1B7E-7AD8-4DBF-AB43-68B05F10BB91}.Release|Any CPU.ActiveCfg = Release|Any CPU
		{1F6A1B7E-7AD8-4DBF-AB43-68B05F10BB91}.Release|Any CPU.Build.0 = Release|Any CPU
		{D45E9EA0-1429-4067-A53E-21B807085089}.Debug|Any CPU.ActiveCfg = Debug|Any CPU
		{D45E9EA0-1429-4067-A53E-21B807085089}.Debug|Any CPU.Build.0 = Debug|Any CPU
		{D45E9EA0-1429-4067-A53E-21B807085089}.Release|Any CPU.ActiveCfg = Release|Any CPU
		{D45E9EA0-1429-4067-A53E-21B807085089}.Release|Any CPU.Build.0 = Release|Any CPU
		{3B780DA4-36C8-4A79-B1EC-B91F542996DF}.Debug|Any CPU.ActiveCfg = Debug|Any CPU
		{3B780DA4-36C8-4A79-B1EC-B91F542996DF}.Debug|Any CPU.Build.0 = Debug|Any CPU
		{3B780DA4-36C8-4A79-B1EC-B91F542996DF}.Release|Any CPU.ActiveCfg = Release|Any CPU
		{3B780DA4-36C8-4A79-B1EC-B91F542996DF}.Release|Any CPU.Build.0 = Release|Any CPU
		{BF024320-1799-4080-8F93-4E00F1C1AAB3}.Debug|Any CPU.ActiveCfg = Debug|Any CPU
		{BF024320-1799-4080-8F93-4E00F1C1AAB3}.Debug|Any CPU.Build.0 = Debug|Any CPU
		{BF024320-1799-4080-8F93-4E00F1C1AAB3}.Release|Any CPU.ActiveCfg = Release|Any CPU
		{BF024320-1799-4080-8F93-4E00F1C1AAB3}.Release|Any CPU.Build.0 = Release|Any CPU
		{B68DC0CA-1F94-4093-96D7-3810EF75C50B}.Debug|Any CPU.ActiveCfg = Debug|Any CPU
		{B68DC0CA-1F94-4093-96D7-3810EF75C50B}.Debug|Any CPU.Build.0 = Debug|Any CPU
		{B68DC0CA-1F94-4093-96D7-3810EF75C50B}.Release|Any CPU.ActiveCfg = Release|Any CPU
		{B68DC0CA-1F94-4093-96D7-3810EF75C50B}.Release|Any CPU.Build.0 = Release|Any CPU
		{F2A9BE66-65CF-4452-972E-1B06939E5C9F}.Debug|Any CPU.ActiveCfg = Debug|Any CPU
		{F2A9BE66-65CF-4452-972E-1B06939E5C9F}.Debug|Any CPU.Build.0 = Debug|Any CPU
		{F2A9BE66-65CF-4452-972E-1B06939E5C9F}.Release|Any CPU.ActiveCfg = Release|Any CPU
		{F2A9BE66-65CF-4452-972E-1B06939E5C9F}.Release|Any CPU.Build.0 = Release|Any CPU
		{34D4E5A2-404D-4638-A331-C53C03593D00}.Debug|Any CPU.ActiveCfg = Debug|Any CPU
		{34D4E5A2-404D-4638-A331-C53C03593D00}.Debug|Any CPU.Build.0 = Debug|Any CPU
		{34D4E5A2-404D-4638-A331-C53C03593D00}.Release|Any CPU.ActiveCfg = Release|Any CPU
		{34D4E5A2-404D-4638-A331-C53C03593D00}.Release|Any CPU.Build.0 = Release|Any CPU
	EndGlobalSection
	GlobalSection(NestedProjects) = preSolution
		{83E1A852-4301-4BE5-8E04-16AC81D93DBA} = {E951E5CA-2621-440D-AB78-DD6BE449128F}
		{1F6A1B7E-7AD8-4DBF-AB43-68B05F10BB91} = {83E1A852-4301-4BE5-8E04-16AC81D93DBA}
		{D45E9EA0-1429-4067-A53E-21B807085089} = {83E1A852-4301-4BE5-8E04-16AC81D93DBA}
		{17A5B8A1-71DE-4EEB-B38D-3105F4D272A5} = {E951E5CA-2621-440D-AB78-DD6BE449128F}
		{3B780DA4-36C8-4A79-B1EC-B91F542996DF} = {17A5B8A1-71DE-4EEB-B38D-3105F4D272A5}
		{BF024320-1799-4080-8F93-4E00F1C1AAB3} = {17A5B8A1-71DE-4EEB-B38D-3105F4D272A5}
		{B68DC0CA-1F94-4093-96D7-3810EF75C50B} = {17A5B8A1-71DE-4EEB-B38D-3105F4D272A5}
		{F2A9BE66-65CF-4452-972E-1B06939E5C9F} = {E951E5CA-2621-440D-AB78-DD6BE449128F}
		{34D4E5A2-404D-4638-A331-C53C03593D00} = {6F416836-E8ED-4FE4-BF3A-0DE6CDD0BDC3}
	EndGlobalSection
EndGlobal
