
Microsoft Visual Studio Solution File, Format Version 12.00
# Visual Studio Version 17
VisualStudioVersion = 17.0.31903.59
MinimumVisualStudioVersion = 10.0.40219.1
Project("{FAE04EC0-301F-11D3-BF4B-00C04F79EFBC}") = "XClaim.Common", "src\common\XClaim.Common.csproj", "{3DB26FF1-C8D0-4E12-A134-DE15DC7F7742}"
EndProject
Project("{FAE04EC0-301F-11D3-BF4B-00C04F79EFBC}") = "XClaim.Web.Components", "src\web\components\XClaim.Web.Components.csproj", "{4EEDE649-E24E-48F1-ABE8-D3705C3C6F4F}"
EndProject
Project("{FAE04EC0-301F-11D3-BF4B-00C04F79EFBC}") = "XClaim.Web.Shared", "src\web\shared\XClaim.Web.Shared.csproj", "{4AACEF73-48C0-4FF7-AD2B-4BF2AC4CEBF0}"
EndProject
Project("{2150E333-8FDC-42A3-9474-1A3956D46DE8}") = "Web", "Web", "{CA4565E5-700A-4DAF-8728-6F09F026133E}"
EndProject
Project("{FAE04EC0-301F-11D3-BF4B-00C04F79EFBC}") = "XClaim.Web.Client", "src\web\client\XClaim.Web.Client.csproj", "{13A753DF-E92F-4EFC-A698-A3C9A7A0E076}"
EndProject
Project("{FAE04EC0-301F-11D3-BF4B-00C04F79EFBC}") = "XClaim.Web.Service", "src\service\XClaim.Web.Service.csproj", "{E38CBD61-7F96-42E4-9800-FA511BBF9B4F}"
EndProject
Global
	GlobalSection(SolutionConfigurationPlatforms) = preSolution
		Debug|Any CPU = Debug|Any CPU
		Release|Any CPU = Release|Any CPU
	EndGlobalSection
	GlobalSection(SolutionProperties) = preSolution
		HideSolutionNode = FALSE
	EndGlobalSection
	GlobalSection(ProjectConfigurationPlatforms) = postSolution
		{3DB26FF1-C8D0-4E12-A134-DE15DC7F7742}.Debug|Any CPU.ActiveCfg = Debug|Any CPU
		{3DB26FF1-C8D0-4E12-A134-DE15DC7F7742}.Debug|Any CPU.Build.0 = Debug|Any CPU
		{3DB26FF1-C8D0-4E12-A134-DE15DC7F7742}.Release|Any CPU.ActiveCfg = Release|Any CPU
		{3DB26FF1-C8D0-4E12-A134-DE15DC7F7742}.Release|Any CPU.Build.0 = Release|Any CPU
		{4EEDE649-E24E-48F1-ABE8-D3705C3C6F4F}.Debug|Any CPU.ActiveCfg = Debug|Any CPU
		{4EEDE649-E24E-48F1-ABE8-D3705C3C6F4F}.Debug|Any CPU.Build.0 = Debug|Any CPU
		{4EEDE649-E24E-48F1-ABE8-D3705C3C6F4F}.Release|Any CPU.ActiveCfg = Release|Any CPU
		{4EEDE649-E24E-48F1-ABE8-D3705C3C6F4F}.Release|Any CPU.Build.0 = Release|Any CPU
		{4AACEF73-48C0-4FF7-AD2B-4BF2AC4CEBF0}.Debug|Any CPU.ActiveCfg = Debug|Any CPU
		{4AACEF73-48C0-4FF7-AD2B-4BF2AC4CEBF0}.Debug|Any CPU.Build.0 = Debug|Any CPU
		{4AACEF73-48C0-4FF7-AD2B-4BF2AC4CEBF0}.Release|Any CPU.ActiveCfg = Release|Any CPU
		{4AACEF73-48C0-4FF7-AD2B-4BF2AC4CEBF0}.Release|Any CPU.Build.0 = Release|Any CPU
		{13A753DF-E92F-4EFC-A698-A3C9A7A0E076}.Debug|Any CPU.ActiveCfg = Debug|Any CPU
		{13A753DF-E92F-4EFC-A698-A3C9A7A0E076}.Debug|Any CPU.Build.0 = Debug|Any CPU
		{13A753DF-E92F-4EFC-A698-A3C9A7A0E076}.Release|Any CPU.ActiveCfg = Release|Any CPU
		{13A753DF-E92F-4EFC-A698-A3C9A7A0E076}.Release|Any CPU.Build.0 = Release|Any CPU
		{E38CBD61-7F96-42E4-9800-FA511BBF9B4F}.Debug|Any CPU.ActiveCfg = Debug|Any CPU
		{E38CBD61-7F96-42E4-9800-FA511BBF9B4F}.Debug|Any CPU.Build.0 = Debug|Any CPU
		{E38CBD61-7F96-42E4-9800-FA511BBF9B4F}.Release|Any CPU.ActiveCfg = Release|Any CPU
		{E38CBD61-7F96-42E4-9800-FA511BBF9B4F}.Release|Any CPU.Build.0 = Release|Any CPU
	EndGlobalSection
	GlobalSection(NestedProjects) = preSolution
		{4EEDE649-E24E-48F1-ABE8-D3705C3C6F4F} = {CA4565E5-700A-4DAF-8728-6F09F026133E}
		{4AACEF73-48C0-4FF7-AD2B-4BF2AC4CEBF0} = {CA4565E5-700A-4DAF-8728-6F09F026133E}
		{13A753DF-E92F-4EFC-A698-A3C9A7A0E076} = {CA4565E5-700A-4DAF-8728-6F09F026133E}
	EndGlobalSection
EndGlobal
