
Microsoft Visual Studio Solution File, Format Version 12.00
# Visual Studio Version 17
VisualStudioVersion = 17.0.31903.59
MinimumVisualStudioVersion = 10.0.40219.1
Project("{9A19103F-16F7-4668-BE54-9A1E7A4F7556}") = "XClaim.Common", "..\Common\XClaim.Common.csproj", "{7296F081-81BD-4E64-A5BF-658B989D8907}"
EndProject
Project("{9A19103F-16F7-4668-BE54-9A1E7A4F7556}") = "XClaim.Web.Pages", "Components\XClaim.Web.Components.csproj", "{E948EEF5-8827-45B9-8BEA-AA17269F59D7}"
EndProject
Project("{9A19103F-16F7-4668-BE54-9A1E7A4F7556}") = "XClaim.Web.Client", "Client\XClaim.Web.Client.csproj", "{67A320D0-39EB-4DFD-B7B4-DE28B192392B}"
EndProject
Project("{9A19103F-16F7-4668-BE54-9A1E7A4F7556}") = "XClaim.Web.Server", "Server\XClaim.Web.Server.csproj", "{FDE3A403-4040-41F9-8003-B074CD3820FF}"
EndProject
Project("{FAE04EC0-301F-11D3-BF4B-00C04F79EFBC}") = "XClaim.Web.Shared", "Shared\XClaim.Web.Shared.csproj", "{996AE5B0-85B4-4519-8D6F-03B28E5BAF23}"
EndProject
Global
	GlobalSection(SolutionConfigurationPlatforms) = preSolution
		Debug|Any CPU = Debug|Any CPU
		Release|Any CPU = Release|Any CPU
	EndGlobalSection
	GlobalSection(ProjectConfigurationPlatforms) = postSolution
		{7296F081-81BD-4E64-A5BF-658B989D8907}.Debug|Any CPU.ActiveCfg = Debug|Any CPU
		{7296F081-81BD-4E64-A5BF-658B989D8907}.Debug|Any CPU.Build.0 = Debug|Any CPU
		{7296F081-81BD-4E64-A5BF-658B989D8907}.Release|Any CPU.ActiveCfg = Release|Any CPU
		{7296F081-81BD-4E64-A5BF-658B989D8907}.Release|Any CPU.Build.0 = Release|Any CPU
		{E948EEF5-8827-45B9-8BEA-AA17269F59D7}.Debug|Any CPU.ActiveCfg = Debug|Any CPU
		{E948EEF5-8827-45B9-8BEA-AA17269F59D7}.Debug|Any CPU.Build.0 = Debug|Any CPU
		{E948EEF5-8827-45B9-8BEA-AA17269F59D7}.Release|Any CPU.ActiveCfg = Release|Any CPU
		{E948EEF5-8827-45B9-8BEA-AA17269F59D7}.Release|Any CPU.Build.0 = Release|Any CPU
		{67A320D0-39EB-4DFD-B7B4-DE28B192392B}.Debug|Any CPU.ActiveCfg = Debug|Any CPU
		{67A320D0-39EB-4DFD-B7B4-DE28B192392B}.Debug|Any CPU.Build.0 = Debug|Any CPU
		{67A320D0-39EB-4DFD-B7B4-DE28B192392B}.Release|Any CPU.ActiveCfg = Release|Any CPU
		{67A320D0-39EB-4DFD-B7B4-DE28B192392B}.Release|Any CPU.Build.0 = Release|Any CPU
		{FDE3A403-4040-41F9-8003-B074CD3820FF}.Debug|Any CPU.ActiveCfg = Debug|Any CPU
		{FDE3A403-4040-41F9-8003-B074CD3820FF}.Debug|Any CPU.Build.0 = Debug|Any CPU
		{FDE3A403-4040-41F9-8003-B074CD3820FF}.Release|Any CPU.ActiveCfg = Release|Any CPU
		{FDE3A403-4040-41F9-8003-B074CD3820FF}.Release|Any CPU.Build.0 = Release|Any CPU
		{996AE5B0-85B4-4519-8D6F-03B28E5BAF23}.Debug|Any CPU.ActiveCfg = Debug|Any CPU
		{996AE5B0-85B4-4519-8D6F-03B28E5BAF23}.Debug|Any CPU.Build.0 = Debug|Any CPU
		{996AE5B0-85B4-4519-8D6F-03B28E5BAF23}.Release|Any CPU.ActiveCfg = Release|Any CPU
		{996AE5B0-85B4-4519-8D6F-03B28E5BAF23}.Release|Any CPU.Build.0 = Release|Any CPU
	EndGlobalSection
	GlobalSection(SolutionProperties) = preSolution
		HideSolutionNode = FALSE
	EndGlobalSection
	GlobalSection(ExtensibilityGlobals) = postSolution
		SolutionGuid = {E0DEB82D-06A1-4B32-A4D8-97C75F7E10E5}
	EndGlobalSection
EndGlobal
